version: 2.0
shards:
  any_hash:
    git: https://github.com/sija/any_hash.cr.git
    version: 0.2.5

  backtracer:
    git: https://github.com/sija/backtracer.cr.git
    version: 1.2.1

  bitcoin_rpc:
    git: https://github.com/citizen428/bitcoin_rpc.git
    version: 1.0.1

  db:
    git: https://github.com/crystal-lang/crystal-db.git
    version: 0.9.0

  discordcr:
    git: https://github.com/greenbigfrog/discordcr-1.git
    version: 0.4.0+git.commit.fcd6029e562b35c630627f0ce1f05f8f09067769

  habitat:
    git: https://github.com/luckyframework/habitat.git
    version: 0.4.7

  logger:
    git: https://github.com/crystal-lang/logger.cr.git
    version: 0.1.0

  mosquito:
    git: https://github.com/mosquito-cr/mosquito.git
    version: 1.0.0.rc1+git.commit.6f86288f198a78a95fa9ea97d1b664035899ecb5

  pg:
    git: https://github.com/greenbigfrog/crystal-pg.git
    version: 0.21.1+git.commit.eac915b064d5e895d842bc81e1c2f73e3461cba6

  pool:
    git: https://github.com/ysbaddaden/pool.git
    version: 0.2.4

  raven:
    git: https://github.com/sija/raven.cr.git
    version: 1.9.1+git.commit.7a46c2111c24235c2aee5d91d3582e6e11602962

  redis:
    git: https://github.com/stefanwille/crystal-redis.git
    version: 2.8.3

  tb:
    git: https://github.com/greenbigfrog/tipbot-common.git
    version: 0.1.2+git.commit.3dba14b443122e822a56dfe9508a423085be23a9

