version: 1.0
shards:
  any_hash:
    github: sija/any_hash.cr
    commit: 1907068cdbfc3ef9759954194472b82f9f19c6e4

  bitcoin_rpc:
    github: citizen428/bitcoin_rpc
    version: 5.0.0

  db:
    github: crystal-lang/crystal-db
    version: 0.7.0

  discordcr:
    github: greenbigfrog/discordcr
    commit: ce3a13c28e76976965d9bbaae88a02131da2b55f

  mosquito:
    github: robacarp/mosquito
    version: 0.5.0

  pg:
    github: greenbigfrog/crystal-pg
    commit: 764797e80675906c05ca7a0b02c2839f6dbb4522

  pool:
    github: ysbaddaden/pool
    version: 0.2.3

  raven:
    github: sija/raven.cr
    version: 1.5.1

  redis:
    github: stefanwille/crystal-redis
    version: 2.1.1

  tb:
    github: greenbigfrog/tipbot-common
    commit: dd9a956d72f761b3e53faaa12598c02761a52ef6

