version: 1.0
shards:
  any_hash:
    github: sija/any_hash.cr
    commit: 0b3a1b3690158c547ebae913634c4cb8b9bfba8d

  bitcoin_rpc:
    github: citizen428/bitcoin_rpc
    version: 5.0.0

  db:
    github: crystal-lang/crystal-db
    version: 0.7.0

  discordcr:
    github: greenbigfrog/discordcr
    commit: 7c2817547deb841548a5383b8f78ed7708622728

  mosquito:
    github: robacarp/mosquito
    version: 0.8.0

  pg:
    github: greenbigfrog/crystal-pg
    commit: 764797e80675906c05ca7a0b02c2839f6dbb4522

  pool:
    github: ysbaddaden/pool
    version: 0.2.3

  raven:
    github: sija/raven.cr
    version: 1.6.0

  redis:
    github: stefanwille/crystal-redis
    version: 2.6.0

  tb:
    github: greenbigfrog/tipbot-common
    commit: 13dd75ad62ba664a3d4f4289275346c788e8a778

